
Microsoft Visual Studio Solution File, Format Version 12.00
# Visual Studio Version 17
VisualStudioVersion = 17.8.34309.116
MinimumVisualStudioVersion = 10.0.40219.1
Project("{FAE04EC0-301F-11D3-BF4B-00C04F79EFBC}") = "WEB", "WEB\WEB.csproj", "{54C675F0-AFF1-4980-84D4-A3A2EF7E4ABF}"
EndProject
Global
	GlobalSection(SolutionConfigurationPlatforms) = preSolution
		Debug|Any CPU = Debug|Any CPU
		Release|Any CPU = Release|Any CPU
	EndGlobalSection
	GlobalSection(ProjectConfigurationPlatforms) = postSolution
		{54C675F0-AFF1-4980-84D4-A3A2EF7E4ABF}.Debug|Any CPU.ActiveCfg = Debug|Any CPU
		{54C675F0-AFF1-4980-84D4-A3A2EF7E4ABF}.Debug|Any CPU.Build.0 = Debug|Any CPU
		{54C675F0-AFF1-4980-84D4-A3A2EF7E4ABF}.Release|Any CPU.ActiveCfg = Release|Any CPU
		{54C675F0-AFF1-4980-84D4-A3A2EF7E4ABF}.Release|Any CPU.Build.0 = Release|Any CPU
	EndGlobalSection
	GlobalSection(SolutionProperties) = preSolution
		HideSolutionNode = FALSE
	EndGlobalSection
	GlobalSection(ExtensibilityGlobals) = postSolution
		SolutionGuid = {D3C1AA8B-F602-4A90-9C55-4613B4367EFA}
	EndGlobalSection
EndGlobal
